
Microsoft Visual Studio Solution File, Format Version 12.00
# Visual Studio Version 17
VisualStudioVersion = 17.0.32014.148
MinimumVisualStudioVersion = 10.0.40219.1
Project("{9A19103F-16F7-4668-BE54-9A1E7A4F7556}") = "YaverMinimalApi", "YaverMinimalApi\YaverMinimalApi.csproj", "{4BA03DA9-5C3D-47F0-8C93-6EED6B3BDA8F}"
EndProject
Project("{2150E333-8FDC-42A3-9474-1A3956D46DE8}") = "RestContracts", "RestContracts", "{A885CBA3-F76A-49F9-8317-C92A8A4788E9}"
EndProject
Project("{2150E333-8FDC-42A3-9474-1A3956D46DE8}") = "RpcContracts", "RpcContracts", "{516FADEC-DCDC-40BA-9BBE-4D2C05237B14}"
EndProject
Project("{9A19103F-16F7-4668-BE54-9A1E7A4F7556}") = "Agrio.Bo.PIM.ApiBase", "RestContracts\Agrio.Bo.PIM.ApiBase\Agrio.Bo.PIM.ApiBase.csproj", "{2A958620-AB6C-4F42-8AF0-019FEF9E412F}"
EndProject
Project("{9A19103F-16F7-4668-BE54-9A1E7A4F7556}") = "Agrio.Bo.Todo.ApiBase", "RestContracts\Agrio.Bo.Todo.ApiBase\Agrio.Bo.Todo.ApiBase.csproj", "{A327F09B-A976-4AC0-9684-45BBE7EE1A97}"
EndProject
Project("{2150E333-8FDC-42A3-9474-1A3956D46DE8}") = "Services", "Services", "{1825263B-78E4-4D8C-B4D7-6BA1C6527735}"
EndProject
Project("{9A19103F-16F7-4668-BE54-9A1E7A4F7556}") = "App", "Services\Agrio.PIM.Service\App.csproj", "{58C6DF9E-C2BA-450E-8DBA-96BE2499AAF3}"
EndProject
Project("{9A19103F-16F7-4668-BE54-9A1E7A4F7556}") = "Agrio.PIM.ServiceBase", "RpcContracts\Agrio.PIM.ServiceBase\Agrio.PIM.ServiceBase.csproj", "{773F4565-0680-4450-AF0C-3C52345FBCEB}"
EndProject
Project("{9A19103F-16F7-4668-BE54-9A1E7A4F7556}") = "Agrio.Todo.ServiceBase", "RpcContracts\Agrio.Todo.ServiceBase\Agrio.Todo.ServiceBase.csproj", "{D6EA67E0-9A96-423D-A1B1-165EE56D2456}"
EndProject
Project("{2150E333-8FDC-42A3-9474-1A3956D46DE8}") = "Libs", "Libs", "{65F66A2D-8396-4EFE-97E1-51A6B8AD9A0C}"
EndProject
Project("{9A19103F-16F7-4668-BE54-9A1E7A4F7556}") = "ApiLib", "Libs\ApiLib\ApiLib.csproj", "{E5BA420C-D41B-485A-AE44-A9D8964913EB}"
EndProject
Global
	GlobalSection(SolutionConfigurationPlatforms) = preSolution
		Debug|Any CPU = Debug|Any CPU
		Release|Any CPU = Release|Any CPU
	EndGlobalSection
	GlobalSection(ProjectConfigurationPlatforms) = postSolution
		{4BA03DA9-5C3D-47F0-8C93-6EED6B3BDA8F}.Debug|Any CPU.ActiveCfg = Debug|Any CPU
		{4BA03DA9-5C3D-47F0-8C93-6EED6B3BDA8F}.Debug|Any CPU.Build.0 = Debug|Any CPU
		{4BA03DA9-5C3D-47F0-8C93-6EED6B3BDA8F}.Release|Any CPU.ActiveCfg = Release|Any CPU
		{4BA03DA9-5C3D-47F0-8C93-6EED6B3BDA8F}.Release|Any CPU.Build.0 = Release|Any CPU
		{2A958620-AB6C-4F42-8AF0-019FEF9E412F}.Debug|Any CPU.ActiveCfg = Debug|Any CPU
		{2A958620-AB6C-4F42-8AF0-019FEF9E412F}.Debug|Any CPU.Build.0 = Debug|Any CPU
		{2A958620-AB6C-4F42-8AF0-019FEF9E412F}.Release|Any CPU.ActiveCfg = Release|Any CPU
		{2A958620-AB6C-4F42-8AF0-019FEF9E412F}.Release|Any CPU.Build.0 = Release|Any CPU
		{A327F09B-A976-4AC0-9684-45BBE7EE1A97}.Debug|Any CPU.ActiveCfg = Debug|Any CPU
		{A327F09B-A976-4AC0-9684-45BBE7EE1A97}.Debug|Any CPU.Build.0 = Debug|Any CPU
		{A327F09B-A976-4AC0-9684-45BBE7EE1A97}.Release|Any CPU.ActiveCfg = Release|Any CPU
		{A327F09B-A976-4AC0-9684-45BBE7EE1A97}.Release|Any CPU.Build.0 = Release|Any CPU
		{58C6DF9E-C2BA-450E-8DBA-96BE2499AAF3}.Debug|Any CPU.ActiveCfg = Debug|Any CPU
		{58C6DF9E-C2BA-450E-8DBA-96BE2499AAF3}.Debug|Any CPU.Build.0 = Debug|Any CPU
		{58C6DF9E-C2BA-450E-8DBA-96BE2499AAF3}.Release|Any CPU.ActiveCfg = Release|Any CPU
		{58C6DF9E-C2BA-450E-8DBA-96BE2499AAF3}.Release|Any CPU.Build.0 = Release|Any CPU
		{773F4565-0680-4450-AF0C-3C52345FBCEB}.Debug|Any CPU.ActiveCfg = Debug|Any CPU
		{773F4565-0680-4450-AF0C-3C52345FBCEB}.Debug|Any CPU.Build.0 = Debug|Any CPU
		{773F4565-0680-4450-AF0C-3C52345FBCEB}.Release|Any CPU.ActiveCfg = Release|Any CPU
		{773F4565-0680-4450-AF0C-3C52345FBCEB}.Release|Any CPU.Build.0 = Release|Any CPU
		{D6EA67E0-9A96-423D-A1B1-165EE56D2456}.Debug|Any CPU.ActiveCfg = Debug|Any CPU
		{D6EA67E0-9A96-423D-A1B1-165EE56D2456}.Debug|Any CPU.Build.0 = Debug|Any CPU
		{D6EA67E0-9A96-423D-A1B1-165EE56D2456}.Release|Any CPU.ActiveCfg = Release|Any CPU
		{D6EA67E0-9A96-423D-A1B1-165EE56D2456}.Release|Any CPU.Build.0 = Release|Any CPU
		{E5BA420C-D41B-485A-AE44-A9D8964913EB}.Debug|Any CPU.ActiveCfg = Debug|Any CPU
		{E5BA420C-D41B-485A-AE44-A9D8964913EB}.Debug|Any CPU.Build.0 = Debug|Any CPU
		{E5BA420C-D41B-485A-AE44-A9D8964913EB}.Release|Any CPU.ActiveCfg = Release|Any CPU
		{E5BA420C-D41B-485A-AE44-A9D8964913EB}.Release|Any CPU.Build.0 = Release|Any CPU
	EndGlobalSection
	GlobalSection(SolutionProperties) = preSolution
		HideSolutionNode = FALSE
	EndGlobalSection
	GlobalSection(NestedProjects) = preSolution
		{2A958620-AB6C-4F42-8AF0-019FEF9E412F} = {A885CBA3-F76A-49F9-8317-C92A8A4788E9}
		{A327F09B-A976-4AC0-9684-45BBE7EE1A97} = {A885CBA3-F76A-49F9-8317-C92A8A4788E9}
		{58C6DF9E-C2BA-450E-8DBA-96BE2499AAF3} = {1825263B-78E4-4D8C-B4D7-6BA1C6527735}
		{773F4565-0680-4450-AF0C-3C52345FBCEB} = {516FADEC-DCDC-40BA-9BBE-4D2C05237B14}
		{D6EA67E0-9A96-423D-A1B1-165EE56D2456} = {516FADEC-DCDC-40BA-9BBE-4D2C05237B14}
		{E5BA420C-D41B-485A-AE44-A9D8964913EB} = {65F66A2D-8396-4EFE-97E1-51A6B8AD9A0C}
	EndGlobalSection
	GlobalSection(ExtensibilityGlobals) = postSolution
		SolutionGuid = {53320F29-02E1-4802-9E1E-C368152D2682}
	EndGlobalSection
EndGlobal
